{
  "lockfileVersion": 1,
  "workspaces": {
    "": {
      "name": "gotenberg-client",
      "devDependencies": {
        "@biomejs/biome": "^2.0.0",
        "@types/bun": "latest",
        "typescript": "^5",
      },
      "peerDependencies": {
        "typescript": "^5",
      },
    },
  },
  "packages": {
    "@biomejs/biome": ["@biomejs/biome@2.3.15", "", { "optionalDependencies": { "@biomejs/cli-darwin-arm64": "2.3.15", "@biomejs/cli-darwin-x64": "2.3.15", "@biomejs/cli-linux-arm64": "2.3.15", "@biomejs/cli-linux-arm64-musl": "2.3.15", "@biomejs/cli-linux-x64": "2.3.15", "@biomejs/cli-linux-x64-musl": "2.3.15", "@biomejs/cli-win32-arm64": "2.3.15", "@biomejs/cli-win32-x64": "2.3.15" }, "bin": { "biome": "bin/biome" } }, "sha512-u+jlPBAU2B45LDkjjNNYpc1PvqrM/co4loNommS9/sl9oSxsAQKsNZejYuUztvToB5oXi1tN/e62iNd6ESiY3g=="],

    "@biomejs/cli-darwin-arm64": ["@biomejs/cli-darwin-arm64@2.3.15", "", { "os": "darwin", "cpu": "arm64" }, "sha512-SDCdrJ4COim1r8SNHg19oqT50JfkI/xGZHSyC6mGzMfKrpNe/217Eq6y98XhNTc0vGWDjznSDNXdUc6Kg24jbw=="],

    "@biomejs/cli-darwin-x64": ["@biomejs/cli-darwin-x64@2.3.15", "", { "os": "darwin", "cpu": "x64" }, "sha512-RkyeSosBtn3C3Un8zQnl9upX0Qbq4E3QmBa0qjpOh1MebRbHhNlRC16jk8HdTe/9ym5zlfnpbb8cKXzW+vlTxw=="],

    "@biomejs/cli-linux-arm64": ["@biomejs/cli-linux-arm64@2.3.15", "", { "os": "linux", "cpu": "arm64" }, "sha512-FN83KxrdVWANOn5tDmW6UBC0grojchbGmcEz6JkRs2YY6DY63sTZhwkQ56x6YtKhDVV1Unz7FJexy8o7KwuIhg=="],

    "@biomejs/cli-linux-arm64-musl": ["@biomejs/cli-linux-arm64-musl@2.3.15", "", { "os": "linux", "cpu": "arm64" }, "sha512-SSSIj2yMkFdSkXqASzIBdjySBXOe65RJlhKEDlri7MN19RC4cpez+C0kEwPrhXOTgJbwQR9QH1F4+VnHkC35pg=="],

    "@biomejs/cli-linux-x64": ["@biomejs/cli-linux-x64@2.3.15", "", { "os": "linux", "cpu": "x64" }, "sha512-T8n9p8aiIKOrAD7SwC7opiBM1LYGrE5G3OQRXWgbeo/merBk8m+uxJ1nOXMPzfYyFLfPlKF92QS06KN1UW+Zbg=="],

    "@biomejs/cli-linux-x64-musl": ["@biomejs/cli-linux-x64-musl@2.3.15", "", { "os": "linux", "cpu": "x64" }, "sha512-dbjPzTh+ijmmNwojFYbQNMFp332019ZDioBYAMMJj5Ux9d8MkM+u+J68SBJGVwVeSHMYj+T9504CoxEzQxrdNw=="],

    "@biomejs/cli-win32-arm64": ["@biomejs/cli-win32-arm64@2.3.15", "", { "os": "win32", "cpu": "arm64" }, "sha512-puMuenu/2brQdgqtQ7geNwQlNVxiABKEZJhMRX6AGWcmrMO8EObMXniFQywy2b81qmC+q+SDvlOpspNwz0WiOA=="],

    "@biomejs/cli-win32-x64": ["@biomejs/cli-win32-x64@2.3.15", "", { "os": "win32", "cpu": "x64" }, "sha512-kDZr/hgg+igo5Emi0LcjlgfkoGZtgIpJKhnvKTRmMBv6FF/3SDyEV4khBwqNebZIyMZTzvpca9sQNSXJ39pI2A=="],

    "@types/bun": ["@types/bun@1.3.9", "", { "dependencies": { "bun-types": "1.3.9" } }, "sha512-KQ571yULOdWJiMH+RIWIOZ7B2RXQGpL1YQrBtLIV3FqDcCu6FsbFUBwhdKUlCKUpS3PJDsHlJ1QKlpxoVR+xtw=="],

    "@types/node": ["@types/node@25.2.3", "", { "dependencies": { "undici-types": "~7.16.0" } }, "sha512-m0jEgYlYz+mDJZ2+F4v8D1AyQb+QzsNqRuI7xg1VQX/KlKS0qT9r1Mo16yo5F/MtifXFgaofIFsdFMox2SxIbQ=="],

    "bun-types": ["bun-types@1.3.9", "", { "dependencies": { "@types/node": "*" } }, "sha512-+UBWWOakIP4Tswh0Bt0QD0alpTY8cb5hvgiYeWCMet9YukHbzuruIEeXC2D7nMJPB12kbh8C7XJykSexEqGKJg=="],

    "typescript": ["typescript@5.9.3", "", { "bin": { "tsc": "bin/tsc", "tsserver": "bin/tsserver" } }, "sha512-jl1vZzPDinLr9eUt3J/t7V6FgNEw9QjvBPdysz9KfQDD41fQrC2Y4vKQdiaUpFT4bXlb1RHhLpp8wtm6M5TgSw=="],

    "undici-types": ["undici-types@7.16.0", "", {}, "sha512-Zz+aZWSj8LE6zoxD+xrjh4VfkIG8Ya6LvYkZqtUQGJPZjYl53ypCaUwWqo7eI0x66KBGeRo+mlBEkMSeSZ38Nw=="],
  }
}
